
Microsoft Visual Studio Solution File, Format Version 12.00
# Visual Studio Version 17
VisualStudioVersion = 17.9.34701.34
MinimumVisualStudioVersion = 10.0.40219.1
Project("{9A19103F-16F7-4668-BE54-9A1E7A4F7556}") = "CoptisTest.API", "CoptisTest.API\CoptisTest.API.csproj", "{CA5F82CE-E663-4310-A515-0996497E1C01}"
EndProject
Project("{9A19103F-16F7-4668-BE54-9A1E7A4F7556}") = "CoptisTest.Models", "CoptisTest.Models\CoptisTest.Models.csproj", "{EAC781E9-46B2-4134-BF06-FEDC08237DB6}"
EndProject
Project("{9A19103F-16F7-4668-BE54-9A1E7A4F7556}") = "CoptisTest.Web", "CoptisTest.Web\CoptisTest.Web.csproj", "{940CEF3D-9AD7-412F-A7CB-8184DAD0645D}"
EndProject
Global
	GlobalSection(SolutionConfigurationPlatforms) = preSolution
		Debug|Any CPU = Debug|Any CPU
		Release|Any CPU = Release|Any CPU
	EndGlobalSection
	GlobalSection(ProjectConfigurationPlatforms) = postSolution
		{CA5F82CE-E663-4310-A515-0996497E1C01}.Debug|Any CPU.ActiveCfg = Debug|Any CPU
		{CA5F82CE-E663-4310-A515-0996497E1C01}.Debug|Any CPU.Build.0 = Debug|Any CPU
		{CA5F82CE-E663-4310-A515-0996497E1C01}.Release|Any CPU.ActiveCfg = Release|Any CPU
		{CA5F82CE-E663-4310-A515-0996497E1C01}.Release|Any CPU.Build.0 = Release|Any CPU
		{EAC781E9-46B2-4134-BF06-FEDC08237DB6}.Debug|Any CPU.ActiveCfg = Debug|Any CPU
		{EAC781E9-46B2-4134-BF06-FEDC08237DB6}.Debug|Any CPU.Build.0 = Debug|Any CPU
		{EAC781E9-46B2-4134-BF06-FEDC08237DB6}.Release|Any CPU.ActiveCfg = Release|Any CPU
		{EAC781E9-46B2-4134-BF06-FEDC08237DB6}.Release|Any CPU.Build.0 = Release|Any CPU
		{940CEF3D-9AD7-412F-A7CB-8184DAD0645D}.Debug|Any CPU.ActiveCfg = Debug|Any CPU
		{940CEF3D-9AD7-412F-A7CB-8184DAD0645D}.Debug|Any CPU.Build.0 = Debug|Any CPU
		{940CEF3D-9AD7-412F-A7CB-8184DAD0645D}.Release|Any CPU.ActiveCfg = Release|Any CPU
		{940CEF3D-9AD7-412F-A7CB-8184DAD0645D}.Release|Any CPU.Build.0 = Release|Any CPU
	EndGlobalSection
	GlobalSection(SolutionProperties) = preSolution
		HideSolutionNode = FALSE
	EndGlobalSection
	GlobalSection(ExtensibilityGlobals) = postSolution
		SolutionGuid = {F287810F-5C69-42A0-897C-40F8329473E1}
	EndGlobalSection
EndGlobal
